
Microsoft Visual Studio Solution File, Format Version 12.00
# Visual Studio 15
VisualStudioVersion = 15.0.27004.2009
MinimumVisualStudioVersion = 10.0.40219.1
Project("{FAE04EC0-301F-11D3-BF4B-00C04F79EFBC}") = "ScaleDownEventHubs", "ScaleDownEventHubs\ScaleDownEventHubs.csproj", "{284BC921-3C04-408D-8927-C9E1A705915D}"
EndProject
Global
	GlobalSection(SolutionConfigurationPlatforms) = preSolution
		Debug|Any CPU = Debug|Any CPU
		Release|Any CPU = Release|Any CPU
	EndGlobalSection
	GlobalSection(ProjectConfigurationPlatforms) = postSolution
		{284BC921-3C04-408D-8927-C9E1A705915D}.Debug|Any CPU.ActiveCfg = Debug|Any CPU
		{284BC921-3C04-408D-8927-C9E1A705915D}.Debug|Any CPU.Build.0 = Debug|Any CPU
		{284BC921-3C04-408D-8927-C9E1A705915D}.Release|Any CPU.ActiveCfg = Release|Any CPU
		{284BC921-3C04-408D-8927-C9E1A705915D}.Release|Any CPU.Build.0 = Release|Any CPU
	EndGlobalSection
	GlobalSection(SolutionProperties) = preSolution
		HideSolutionNode = FALSE
	EndGlobalSection
	GlobalSection(ExtensibilityGlobals) = postSolution
		SolutionGuid = {1B5CEF25-618A-4F8D-82AE-F1CE0701FCE2}
	EndGlobalSection
EndGlobal
